// !$*UTF8*$!
{
	archiveVersion = 1;
	classes = {
	};
	objectVersion = 77;
	objects = {

/* Begin PBXContainerItemProxy section */
		50BF0D6D2E090E0E0069F53D /* PBXContainerItemProxy */ = {
			isa = PBXContainerItemProxy;
			containerPortal = 50BF0D572E090E0C0069F53D /* Project object */;
			proxyType = 1;
			remoteGlobalIDString = 50BF0D5E2E090E0C0069F53D;
			remoteInfo = MapleTracker;
		};
		50BF0D772E090E0E0069F53D /* PBXContainerItemProxy */ = {
			isa = PBXContainerItemProxy;
			containerPortal = 50BF0D572E090E0C0069F53D /* Project object */;
			proxyType = 1;
			remoteGlobalIDString = 50BF0D5E2E090E0C0069F53D;
			remoteInfo = MapleTracker;
		};
/* End PBXContainerItemProxy section */

/* Begin PBXFileReference section */
		50BF0D5F2E090E0C0069F53D /* MapleTracker.app */ = {isa = PBXFileReference; explicitFileType = wrapper.application; includeInIndex = 0; path = MapleTracker.app; sourceTree = BUILT_PRODUCTS_DIR; };
		50BF0D6C2E090E0E0069F53D /* MapleTrackerTests.xctest */ = {isa = PBXFileReference; explicitFileType = wrapper.cfbundle; includeInIndex = 0; path = MapleTrackerTests.xctest; sourceTree = BUILT_PRODUCTS_DIR; };
		50BF0D762E090E0E0069F53D /* MapleTrackerUITests.xctest */ = {isa = PBXFileReference; explicitFileType = wrapper.cfbundle; includeInIndex = 0; path = MapleTrackerUITests.xctest; sourceTree = BUILT_PRODUCTS_DIR; };
/* End PBXFileReference section */

/* Begin PBXFileSystemSynchronizedRootGroup section */
		50BF0D612E090E0C0069F53D /* MapleTracker */ = {
			isa = PBXFileSystemSynchronizedRootGroup;
			path = MapleTracker;
			sourceTree = "<group>";
		};
		50BF0D6F2E090E0E0069F53D /* MapleTrackerTests */ = {
			isa = PBXFileSystemSynchronizedRootGroup;
			path = MapleTrackerTests;
			sourceTree = "<group>";
		};
		50BF0D792E090E0E0069F53D /* MapleTrackerUITests */ = {
			isa = PBXFileSystemSynchronizedRootGroup;
			path = MapleTrackerUITests;
			sourceTree = "<group>";
		};
/* End PBXFileSystemSynchronizedRootGroup section */

/* Begin PBXFrameworksBuildPhase section */
		50BF0D5C2E090E0C0069F53D /* Frameworks */ = {
			isa = PBXFrameworksBuildPhase;
			buildActionMask = 2147483647;
			files = (
			);
			runOnlyForDeploymentPostprocessing = 0;
		};
		50BF0D692E090E0E0069F53D /* Frameworks */ = {
			isa = PBXFrameworksBuildPhase;
			buildActionMask = 2147483647;
			files = (
			);
			runOnlyForDeploymentPostprocessing = 0;
		};
		50BF0D732E090E0E0069F53D /* Frameworks */ = {
			isa = PBXFrameworksBuildPhase;
			buildActionMask = 2147483647;
			files = (
			);
			runOnlyForDeploymentPostprocessing = 0;
		};
/* End PBXFrameworksBuildPhase section */

/* Begin PBXGroup section */
		50BF0D562E090E0C0069F53D = {
			isa = PBXGroup;
			children = (
				50BF0D612E090E0C0069F53D /* MapleTracker */,
				50BF0D6F2E090E0E0069F53D /* MapleTrackerTests */,
				50BF0D792E090E0E0069F53D /* MapleTrackerUITests */,
				50BF0D602E090E0C0069F53D /* Products */,
			);
			sourceTree = "<group>";
		};
		50BF0D602E090E0C0069F53D /* Products */ = {
			isa = PBXGroup;
			children = (
				50BF0D5F2E090E0C0069F53D /* MapleTracker.app */,
				50BF0D6C2E090E0E0069F53D /* MapleTrackerTests.xctest */,
				50BF0D762E090E0E0069F53D /* MapleTrackerUITests.xctest */,
			);
			name = Products;
			sourceTree = "<group>";
		};
/* End PBXGroup section */

/* Begin PBXNativeTarget section */
		50BF0D5E2E090E0C0069F53D /* MapleTracker */ = {
			isa = PBXNativeTarget;
			buildConfigurationList = 50BF0D802E090E0E0069F53D /* Build configuration list for PBXNativeTarget "MapleTracker" */;
			buildPhases = (
				50BF0D5B2E090E0C0069F53D /* Sources */,
				50BF0D5C2E090E0C0069F53D /* Frameworks */,
				50BF0D5D2E090E0C0069F53D /* Resources */,
			);
			buildRules = (
			);
			dependencies = (
			);
			fileSystemSynchronizedGroups = (
				50BF0D612E090E0C0069F53D /* MapleTracker */,
			);
			name = MapleTracker;
			packageProductDependencies = (
			);
			productName = MapleTracker;
			productReference = 50BF0D5F2E090E0C0069F53D /* MapleTracker.app */;
			productType = "com.apple.product-type.application";
		};
		50BF0D6B2E090E0E0069F53D /* MapleTrackerTests */ = {
			isa = PBXNativeTarget;
			buildConfigurationList = 50BF0D832E090E0E0069F53D /* Build configuration list for PBXNativeTarget "MapleTrackerTests" */;
			buildPhases = (
				50BF0D682E090E0E0069F53D /* Sources */,
				50BF0D692E090E0E0069F53D /* Frameworks */,
				50BF0D6A2E090E0E0069F53D /* Resources */,
			);
			buildRules = (
			);
			dependencies = (
				50BF0D6E2E090E0E0069F53D /* PBXTargetDependency */,
			);
			fileSystemSynchronizedGroups = (
				50BF0D6F2E090E0E0069F53D /* MapleTrackerTests */,
			);
			name = MapleTrackerTests;
			packageProductDependencies = (
			);
			productName = MapleTrackerTests;
			productReference = 50BF0D6C2E090E0E0069F53D /* MapleTrackerTests.xctest */;
			productType = "com.apple.product-type.bundle.unit-test";
		};
		50BF0D752E090E0E0069F53D /* MapleTrackerUITests */ = {
			isa = PBXNativeTarget;
			buildConfigurationList = 50BF0D862E090E0E0069F53D /* Build configuration list for PBXNativeTarget "MapleTrackerUITests" */;
			buildPhases = (
				50BF0D722E090E0E0069F53D /* Sources */,
				50BF0D732E090E0E0069F53D /* Frameworks */,
				50BF0D742E090E0E0069F53D /* Resources */,
			);
			buildRules = (
			);
			dependencies = (
				50BF0D782E090E0E0069F53D /* PBXTargetDependency */,
			);
			fileSystemSynchronizedGroups = (
				50BF0D792E090E0E0069F53D /* MapleTrackerUITests */,
			);
			name = MapleTrackerUITests;
			packageProductDependencies = (
			);
			productName = MapleTrackerUITests;
			productReference = 50BF0D762E090E0E0069F53D /* MapleTrackerUITests.xctest */;
			productType = "com.apple.product-type.bundle.ui-testing";
		};
/* End PBXNativeTarget section */

/* Begin PBXProject section */
		50BF0D572E090E0C0069F53D /* Project object */ = {
			isa = PBXProject;
			attributes = {
				BuildIndependentTargetsInParallel = 1;
				LastSwiftUpdateCheck = 2600;
				LastUpgradeCheck = 2600;
				TargetAttributes = {
					50BF0D5E2E090E0C0069F53D = {
						CreatedOnToolsVersion = 26.0;
					};
					50BF0D6B2E090E0E0069F53D = {
						CreatedOnToolsVersion = 26.0;
						TestTargetID = 50BF0D5E2E090E0C0069F53D;
					};
					50BF0D752E090E0E0069F53D = {
						CreatedOnToolsVersion = 26.0;
						TestTargetID = 50BF0D5E2E090E0C0069F53D;
					};
				};
			};
			buildConfigurationList = 50BF0D5A2E090E0C0069F53D /* Build configuration list for PBXProject "MapleTracker" */;
			developmentRegion = en;
			hasScannedForEncodings = 0;
			knownRegions = (
				en,
				Base,
			);
			mainGroup = 50BF0D562E090E0C0069F53D;
			minimizedProjectReferenceProxies = 1;
			preferredProjectObjectVersion = 77;
			productRefGroup = 50BF0D602E090E0C0069F53D /* Products */;
			projectDirPath = "";
			projectRoot = "";
			targets = (
				50BF0D5E2E090E0C0069F53D /* MapleTracker */,
				50BF0D6B2E090E0E0069F53D /* MapleTrackerTests */,
				50BF0D752E090E0E0069F53D /* MapleTrackerUITests */,
			);
		};
/* End PBXProject section */

/* Begin PBXResourcesBuildPhase section */
		50BF0D5D2E090E0C0069F53D /* Resources */ = {
			isa = PBXResourcesBuildPhase;
			buildActionMask = 2147483647;
			files = (
			);
			runOnlyForDeploymentPostprocessing = 0;
		};
		50BF0D6A2E090E0E0069F53D /* Resources */ = {
			isa = PBXResourcesBuildPhase;
			buildActionMask = 2147483647;
			files = (
			);
			runOnlyForDeploymentPostprocessing = 0;
		};
		50BF0D742E090E0E0069F53D /* Resources */ = {
			isa = PBXResourcesBuildPhase;
			buildActionMask = 2147483647;
			files = (
			);
			runOnlyForDeploymentPostprocessing = 0;
		};
/* End PBXResourcesBuildPhase section */

/* Begin PBXSourcesBuildPhase section */
		50BF0D5B2E090E0C0069F53D /* Sources */ = {
			isa = PBXSourcesBuildPhase;
			buildActionMask = 2147483647;
			files = (
			);
			runOnlyForDeploymentPostprocessing = 0;
		};
		50BF0D682E090E0E0069F53D /* Sources */ = {
			isa = PBXSourcesBuildPhase;
			buildActionMask = 2147483647;
			files = (
			);
			runOnlyForDeploymentPostprocessing = 0;
		};
		50BF0D722E090E0E0069F53D /* Sources */ = {
			isa = PBXSourcesBuildPhase;
			buildActionMask = 2147483647;
			files = (
			);
			runOnlyForDeploymentPostprocessing = 0;
		};
/* End PBXSourcesBuildPhase section */

/* Begin PBXTargetDependency section */
		50BF0D6E2E090E0E0069F53D /* PBXTargetDependency */ = {
			isa = PBXTargetDependency;
			target = 50BF0D5E2E090E0C0069F53D /* MapleTracker */;
			targetProxy = 50BF0D6D2E090E0E0069F53D /* PBXContainerItemProxy */;
		};
		50BF0D782E090E0E0069F53D /* PBXTargetDependency */ = {
			isa = PBXTargetDependency;
			target = 50BF0D5E2E090E0C0069F53D /* MapleTracker */;
			targetProxy = 50BF0D772E090E0E0069F53D /* PBXContainerItemProxy */;
		};
/* End PBXTargetDependency section */

/* Begin XCBuildConfiguration section */
		50BF0D7E2E090E0E0069F53D /* Debug */ = {
			isa = XCBuildConfiguration;
			buildSettings = {
				ALWAYS_SEARCH_USER_PATHS = NO;
				ASSETCATALOG_COMPILER_GENERATE_SWIFT_ASSET_SYMBOL_EXTENSIONS = YES;
				CLANG_ANALYZER_NONNULL = YES;
				CLANG_ANALYZER_NUMBER_OBJECT_CONVERSION = YES_AGGRESSIVE;
				CLANG_CXX_LANGUAGE_STANDARD = "gnu++20";
				CLANG_ENABLE_MODULES = YES;
				CLANG_ENABLE_OBJC_ARC = YES;
				CLANG_ENABLE_OBJC_WEAK = YES;
				CLANG_WARN_BLOCK_CAPTURE_AUTORELEASING = YES;
				CLANG_WARN_BOOL_CONVERSION = YES;
				CLANG_WARN_COMMA = YES;
				CLANG_WARN_CONSTANT_CONVERSION = YES;
				CLANG_WARN_DEPRECATED_OBJC_IMPLEMENTATIONS = YES;
				CLANG_WARN_DIRECT_OBJC_ISA_USAGE = YES_ERROR;
				CLANG_WARN_DOCUMENTATION_COMMENTS = YES;
				CLANG_WARN_EMPTY_BODY = YES;
				CLANG_WARN_ENUM_CONVERSION = YES;
				CLANG_WARN_INFINITE_RECURSION = YES;
				CLANG_WARN_INT_CONVERSION = YES;
				CLANG_WARN_NON_LITERAL_NULL_CONVERSION = YES;
				CLANG_WARN_OBJC_IMPLICIT_RETAIN_SELF = YES;
				CLANG_WARN_OBJC_LITERAL_CONVERSION = YES;
				CLANG_WARN_OBJC_ROOT_CLASS = YES_ERROR;
				CLANG_WARN_QUOTED_INCLUDE_IN_FRAMEWORK_HEADER = YES;
				CLANG_WARN_RANGE_LOOP_ANALYSIS = YES;
				CLANG_WARN_STRICT_PROTOTYPES = YES;
				CLANG_WARN_SUSPICIOUS_MOVE = YES;
				CLANG_WARN_UNGUARDED_AVAILABILITY = YES_AGGRESSIVE;
				CLANG_WARN_UNREACHABLE_CODE = YES;
				CLANG_WARN__DUPLICATE_METHOD_MATCH = YES;
				COPY_PHASE_STRIP = NO;
				DEBUG_INFORMATION_FORMAT = dwarf;
				DEVELOPMENT_TEAM = L32T464NSD;
				ENABLE_STRICT_OBJC_MSGSEND = YES;
				ENABLE_TESTABILITY = YES;
				ENABLE_USER_SCRIPT_SANDBOXING = YES;
				GCC_C_LANGUAGE_STANDARD = gnu17;
				GCC_DYNAMIC_NO_PIC = NO;
				GCC_NO_COMMON_BLOCKS = YES;
				GCC_OPTIMIZATION_LEVEL = 0;
				GCC_PREPROCESSOR_DEFINITIONS = (
					"DEBUG=1",
					"$(inherited)",
				);
				GCC_WARN_64_TO_32_BIT_CONVERSION = YES;
				GCC_WARN_ABOUT_RETURN_TYPE = YES_ERROR;
				GCC_WARN_UNDECLARED_SELECTOR = YES;
				GCC_WARN_UNINITIALIZED_AUTOS = YES_AGGRESSIVE;
				GCC_WARN_UNUSED_FUNCTION = YES;
				GCC_WARN_UNUSED_VARIABLE = YES;
				LOCALIZATION_PREFERS_STRING_CATALOGS = YES;
				MACOSX_DEPLOYMENT_TARGET = 15.5;
				MTL_ENABLE_DEBUG_INFO = INCLUDE_SOURCE;
				MTL_FAST_MATH = YES;
				ONLY_ACTIVE_ARCH = YES;
				SDKROOT = macosx;
				SWIFT_ACTIVE_COMPILATION_CONDITIONS = "DEBUG $(inherited)";
				SWIFT_OPTIMIZATION_LEVEL = "-Onone";
			};
			name = Debug;
		};
		50BF0D7F2E090E0E0069F53D /* Release */ = {
			isa = XCBuildConfiguration;
			buildSettings = {
				ALWAYS_SEARCH_USER_PATHS = NO;
				ASSETCATALOG_COMPILER_GENERATE_SWIFT_ASSET_SYMBOL_EXTENSIONS = YES;
				CLANG_ANALYZER_NONNULL = YES;
				CLANG_ANALYZER_NUMBER_OBJECT_CONVERSION = YES_AGGRESSIVE;
				CLANG_CXX_LANGUAGE_STANDARD = "gnu++20";
				CLANG_ENABLE_MODULES = YES;
				CLANG_ENABLE_OBJC_ARC = YES;
				CLANG_ENABLE_OBJC_WEAK = YES;
				CLANG_WARN_BLOCK_CAPTURE_AUTORELEASING = YES;
				CLANG_WARN_BOOL_CONVERSION = YES;
				CLANG_WARN_COMMA = YES;
				CLANG_WARN_CONSTANT_CONVERSION = YES;
				CLANG_WARN_DEPRECATED_OBJC_IMPLEMENTATIONS = YES;
				CLANG_WARN_DIRECT_OBJC_ISA_USAGE = YES_ERROR;
				CLANG_WARN_DOCUMENTATION_COMMENTS = YES;
				CLANG_WARN_EMPTY_BODY = YES;
				CLANG_WARN_ENUM_CONVERSION = YES;
				CLANG_WARN_INFINITE_RECURSION = YES;
				CLANG_WARN_INT_CONVERSION = YES;
				CLANG_WARN_NON_LITERAL_NULL_CONVERSION = YES;
				CLANG_WARN_OBJC_IMPLICIT_RETAIN_SELF = YES;
				CLANG_WARN_OBJC_LITERAL_CONVERSION = YES;
				CLANG_WARN_OBJC_ROOT_CLASS = YES_ERROR;
				CLANG_WARN_QUOTED_INCLUDE_IN_FRAMEWORK_HEADER = YES;
				CLANG_WARN_RANGE_LOOP_ANALYSIS = YES;
				CLANG_WARN_STRICT_PROTOTYPES = YES;
				CLANG_WARN_SUSPICIOUS_MOVE = YES;
				CLANG_WARN_UNGUARDED_AVAILABILITY = YES_AGGRESSIVE;
				CLANG_WARN_UNREACHABLE_CODE = YES;
				CLANG_WARN__DUPLICATE_METHOD_MATCH = YES;
				COPY_PHASE_STRIP = NO;
				DEBUG_INFORMATION_FORMAT = "dwarf-with-dsym";
				DEVELOPMENT_TEAM = L32T464NSD;
				ENABLE_NS_ASSERTIONS = NO;
				ENABLE_STRICT_OBJC_MSGSEND = YES;
				ENABLE_USER_SCRIPT_SANDBOXING = YES;
				GCC_C_LANGUAGE_STANDARD = gnu17;
				GCC_NO_COMMON_BLOCKS = YES;
				GCC_WARN_64_TO_32_BIT_CONVERSION = YES;
				GCC_WARN_ABOUT_RETURN_TYPE = YES_ERROR;
				GCC_WARN_UNDECLARED_SELECTOR = YES;
				GCC_WARN_UNINITIALIZED_AUTOS = YES_AGGRESSIVE;
				GCC_WARN_UNUSED_FUNCTION = YES;
				GCC_WARN_UNUSED_VARIABLE = YES;
				LOCALIZATION_PREFERS_STRING_CATALOGS = YES;
				MACOSX_DEPLOYMENT_TARGET = 15.5;
				MTL_ENABLE_DEBUG_INFO = NO;
				MTL_FAST_MATH = YES;
				SDKROOT = macosx;
				SWIFT_COMPILATION_MODE = wholemodule;
			};
			name = Release;
		};
		50BF0D812E090E0E0069F53D /* Debug */ = {
			isa = XCBuildConfiguration;
			buildSettings = {
				ASSETCATALOG_COMPILER_APPICON_NAME = AppIcon;
				ASSETCATALOG_COMPILER_GLOBAL_ACCENT_COLOR_NAME = AccentColor;
				CODE_SIGN_STYLE = Automatic;
				COMBINE_HIDPI_IMAGES = YES;
				CURRENT_PROJECT_VERSION = 1;
				DEVELOPMENT_TEAM = TSTQSY2TJN;
				ENABLE_APP_SANDBOX = YES;
				ENABLE_HARDENED_RUNTIME = YES;
				ENABLE_PREVIEWS = YES;
				ENABLE_USER_SELECTED_FILES = readonly;
				GENERATE_INFOPLIST_FILE = YES;
				INFOPLIST_KEY_NSHumanReadableCopyright = "";
				LD_RUNPATH_SEARCH_PATHS = (
					"$(inherited)",
					"@executable_path/../Frameworks",
				);
				MACOSX_DEPLOYMENT_TARGET = 15.5;
				MARKETING_VERSION = 1.0;
				PRODUCT_BUNDLE_IDENTIFIER = com.ohlulu.MapleTracker;
				PRODUCT_NAME = "$(TARGET_NAME)";
				REGISTER_APP_GROUPS = YES;
				STRING_CATALOG_GENERATE_SYMBOLS = YES;
				SWIFT_DEFAULT_ACTOR_ISOLATION = MainActor;
				SWIFT_EMIT_LOC_STRINGS = YES;
				SWIFT_UPCOMING_FEATURE_MEMBER_IMPORT_VISIBILITY = YES;
				SWIFT_VERSION = 5.0;
			};
			name = Debug;
		};
		50BF0D822E090E0E0069F53D /* Release */ = {
			isa = XCBuildConfiguration;
			buildSettings = {
				ASSETCATALOG_COMPILER_APPICON_NAME = AppIcon;
				ASSETCATALOG_COMPILER_GLOBAL_ACCENT_COLOR_NAME = AccentColor;
				CODE_SIGN_STYLE = Automatic;
				COMBINE_HIDPI_IMAGES = YES;
				CURRENT_PROJECT_VERSION = 1;
				DEVELOPMENT_TEAM = TSTQSY2TJN;
				ENABLE_APP_SANDBOX = YES;
				ENABLE_HARDENED_RUNTIME = YES;
				ENABLE_PREVIEWS = YES;
				ENABLE_USER_SELECTED_FILES = readonly;
				GENERATE_INFOPLIST_FILE = YES;
				INFOPLIST_KEY_NSHumanReadableCopyright = "";
				LD_RUNPATH_SEARCH_PATHS = (
					"$(inherited)",
					"@executable_path/../Frameworks",
				);
				MACOSX_DEPLOYMENT_TARGET = 15.5;
				MARKETING_VERSION = 1.0;
				PRODUCT_BUNDLE_IDENTIFIER = com.ohlulu.MapleTracker;
				PRODUCT_NAME = "$(TARGET_NAME)";
				REGISTER_APP_GROUPS = YES;
				STRING_CATALOG_GENERATE_SYMBOLS = YES;
				SWIFT_DEFAULT_ACTOR_ISOLATION = MainActor;
				SWIFT_EMIT_LOC_STRINGS = YES;
				SWIFT_UPCOMING_FEATURE_MEMBER_IMPORT_VISIBILITY = YES;
				SWIFT_VERSION = 5.0;
			};
			name = Release;
		};
		50BF0D842E090E0E0069F53D /* Debug */ = {
			isa = XCBuildConfiguration;
			buildSettings = {
				BUNDLE_LOADER = "$(TEST_HOST)";
				CODE_SIGN_STYLE = Automatic;
				CURRENT_PROJECT_VERSION = 1;
				DEVELOPMENT_TEAM = L32T464NSD;
				GENERATE_INFOPLIST_FILE = YES;
				MACOSX_DEPLOYMENT_TARGET = 15.5;
				MARKETING_VERSION = 1.0;
				PRODUCT_BUNDLE_IDENTIFIER = com.ohlulu.MapleTrackerTests;
				PRODUCT_NAME = "$(TARGET_NAME)";
				STRING_CATALOG_GENERATE_SYMBOLS = NO;
				SWIFT_EMIT_LOC_STRINGS = NO;
				SWIFT_UPCOMING_FEATURE_MEMBER_IMPORT_VISIBILITY = YES;
				SWIFT_VERSION = 5.0;
				TEST_HOST = "$(BUILT_PRODUCTS_DIR)/MapleTracker.app/$(BUNDLE_EXECUTABLE_FOLDER_PATH)/MapleTracker";
			};
			name = Debug;
		};
		50BF0D852E090E0E0069F53D /* Release */ = {
			isa = XCBuildConfiguration;
			buildSettings = {
				BUNDLE_LOADER = "$(TEST_HOST)";
				CODE_SIGN_STYLE = Automatic;
				CURRENT_PROJECT_VERSION = 1;
				DEVELOPMENT_TEAM = L32T464NSD;
				GENERATE_INFOPLIST_FILE = YES;
				MACOSX_DEPLOYMENT_TARGET = 15.5;
				MARKETING_VERSION = 1.0;
				PRODUCT_BUNDLE_IDENTIFIER = com.ohlulu.MapleTrackerTests;
				PRODUCT_NAME = "$(TARGET_NAME)";
				STRING_CATALOG_GENERATE_SYMBOLS = NO;
				SWIFT_EMIT_LOC_STRINGS = NO;
				SWIFT_UPCOMING_FEATURE_MEMBER_IMPORT_VISIBILITY = YES;
				SWIFT_VERSION = 5.0;
				TEST_HOST = "$(BUILT_PRODUCTS_DIR)/MapleTracker.app/$(BUNDLE_EXECUTABLE_FOLDER_PATH)/MapleTracker";
			};
			name = Release;
		};
		50BF0D872E090E0E0069F53D /* Debug */ = {
			isa = XCBuildConfiguration;
			buildSettings = {
				CODE_SIGN_STYLE = Automatic;
				CURRENT_PROJECT_VERSION = 1;
				DEVELOPMENT_TEAM = L32T464NSD;
				GENERATE_INFOPLIST_FILE = YES;
				MARKETING_VERSION = 1.0;
				PRODUCT_BUNDLE_IDENTIFIER = com.ohlulu.MapleTrackerUITests;
				PRODUCT_NAME = "$(TARGET_NAME)";
				STRING_CATALOG_GENERATE_SYMBOLS = NO;
				SWIFT_EMIT_LOC_STRINGS = NO;
				SWIFT_UPCOMING_FEATURE_MEMBER_IMPORT_VISIBILITY = YES;
				SWIFT_VERSION = 5.0;
				TEST_TARGET_NAME = MapleTracker;
			};
			name = Debug;
		};
		50BF0D882E090E0E0069F53D /* Release */ = {
			isa = XCBuildConfiguration;
			buildSettings = {
				CODE_SIGN_STYLE = Automatic;
				CURRENT_PROJECT_VERSION = 1;
				DEVELOPMENT_TEAM = L32T464NSD;
				GENERATE_INFOPLIST_FILE = YES;
				MARKETING_VERSION = 1.0;
				PRODUCT_BUNDLE_IDENTIFIER = com.ohlulu.MapleTrackerUITests;
				PRODUCT_NAME = "$(TARGET_NAME)";
				STRING_CATALOG_GENERATE_SYMBOLS = NO;
				SWIFT_EMIT_LOC_STRINGS = NO;
				SWIFT_UPCOMING_FEATURE_MEMBER_IMPORT_VISIBILITY = YES;
				SWIFT_VERSION = 5.0;
				TEST_TARGET_NAME = MapleTracker;
			};
			name = Release;
		};
/* End XCBuildConfiguration section */

/* Begin XCConfigurationList section */
		50BF0D5A2E090E0C0069F53D /* Build configuration list for PBXProject "MapleTracker" */ = {
			isa = XCConfigurationList;
			buildConfigurations = (
				50BF0D7E2E090E0E0069F53D /* Debug */,
				50BF0D7F2E090E0E0069F53D /* Release */,
			);
			defaultConfigurationIsVisible = 0;
			defaultConfigurationName = Release;
		};
		50BF0D802E090E0E0069F53D /* Build configuration list for PBXNativeTarget "MapleTracker" */ = {
			isa = XCConfigurationList;
			buildConfigurations = (
				50BF0D812E090E0E0069F53D /* Debug */,
				50BF0D822E090E0E0069F53D /* Release */,
			);
			defaultConfigurationIsVisible = 0;
			defaultConfigurationName = Release;
		};
		50BF0D832E090E0E0069F53D /* Build configuration list for PBXNativeTarget "MapleTrackerTests" */ = {
			isa = XCConfigurationList;
			buildConfigurations = (
				50BF0D842E090E0E0069F53D /* Debug */,
				50BF0D852E090E0E0069F53D /* Release */,
			);
			defaultConfigurationIsVisible = 0;
			defaultConfigurationName = Release;
		};
		50BF0D862E090E0E0069F53D /* Build configuration list for PBXNativeTarget "MapleTrackerUITests" */ = {
			isa = XCConfigurationList;
			buildConfigurations = (
				50BF0D872E090E0E0069F53D /* Debug */,
				50BF0D882E090E0E0069F53D /* Release */,
			);
			defaultConfigurationIsVisible = 0;
			defaultConfigurationName = Release;
		};
/* End XCConfigurationList section */
	};
	rootObject = 50BF0D572E090E0C0069F53D /* Project object */;
}
